
Microsoft Visual Studio Solution File, Format Version 12.00
# Visual Studio Version 16
VisualStudioVersion = 16.0.30204.135
MinimumVisualStudioVersion = 10.0.40219.1
Project("{FAE04EC0-301F-11D3-BF4B-00C04F79EFBC}") = "Example", "Example\Example.csproj", "{12955FA3-F87E-48FA-BCCA-BC54D2E66CDB}"
EndProject
Project("{FAE04EC0-301F-11D3-BF4B-00C04F79EFBC}") = "Example.Console", "Example.Console\Example.Console.csproj", "{889F82BD-D210-4ABE-A37F-9EE8586D23B0}"
EndProject
Global
	GlobalSection(SolutionConfigurationPlatforms) = preSolution
		Debug|Any CPU = Debug|Any CPU
		Release|Any CPU = Release|Any CPU
	EndGlobalSection
	GlobalSection(ProjectConfigurationPlatforms) = postSolution
		{12955FA3-F87E-48FA-BCCA-BC54D2E66CDB}.Debug|Any CPU.ActiveCfg = Debug|Any CPU
		{12955FA3-F87E-48FA-BCCA-BC54D2E66CDB}.Debug|Any CPU.Build.0 = Debug|Any CPU
		{12955FA3-F87E-48FA-BCCA-BC54D2E66CDB}.Release|Any CPU.ActiveCfg = Release|Any CPU
		{12955FA3-F87E-48FA-BCCA-BC54D2E66CDB}.Release|Any CPU.Build.0 = Release|Any CPU
		{889F82BD-D210-4ABE-A37F-9EE8586D23B0}.Debug|Any CPU.ActiveCfg = Debug|Any CPU
		{889F82BD-D210-4ABE-A37F-9EE8586D23B0}.Debug|Any CPU.Build.0 = Debug|Any CPU
		{889F82BD-D210-4ABE-A37F-9EE8586D23B0}.Release|Any CPU.ActiveCfg = Release|Any CPU
		{889F82BD-D210-4ABE-A37F-9EE8586D23B0}.Release|Any CPU.Build.0 = Release|Any CPU
	EndGlobalSection
	GlobalSection(SolutionProperties) = preSolution
		HideSolutionNode = FALSE
	EndGlobalSection
	GlobalSection(ExtensibilityGlobals) = postSolution
		SolutionGuid = {FDC2FAF1-A6E4-4008-8E11-0CA8DF928BA5}
	EndGlobalSection
EndGlobal
